
Microsoft Visual Studio Solution File, Format Version 12.00
# Visual Studio 15
VisualStudioVersion = 15.0.26430.6
MinimumVisualStudioVersion = 10.0.40219.1
Project("{FAE04EC0-301F-11D3-BF4B-00C04F79EFBC}") = "SignalRTypingsCreator", "SignalRTypingsCreator\SignalRTypingsCreator.csproj", "{18CB6BB1-8934-4760-9FE8-E59A8FF2BC22}"
EndProject
Project("{FAE04EC0-301F-11D3-BF4B-00C04F79EFBC}") = "SignalRTypingsCreator.Core", "SignalRTypingsCreator.Core\SignalRTypingsCreator.Core.csproj", "{21B94CE3-8970-4CC0-82D6-64AE854CCC76}"
EndProject
Project("{2150E333-8FDC-42A3-9474-1A3956D46DE8}") = "Solution Items", "Solution Items", "{ED48774A-C8E3-49AB-B13C-5D2EBAAF5D2E}"
	ProjectSection(SolutionItems) = preProject
		readme.md = readme.md
	EndProjectSection
EndProject
Project("{FAE04EC0-301F-11D3-BF4B-00C04F79EFBC}") = "SignalRDemo", "SignalRDemo\SignalRDemo.csproj", "{62F83230-B8B8-4463-B315-75E112336859}"
EndProject
Global
	GlobalSection(SolutionConfigurationPlatforms) = preSolution
		Debug|Any CPU = Debug|Any CPU
		Release|Any CPU = Release|Any CPU
	EndGlobalSection
	GlobalSection(ProjectConfigurationPlatforms) = postSolution
		{18CB6BB1-8934-4760-9FE8-E59A8FF2BC22}.Debug|Any CPU.ActiveCfg = Debug|Any CPU
		{18CB6BB1-8934-4760-9FE8-E59A8FF2BC22}.Debug|Any CPU.Build.0 = Debug|Any CPU
		{18CB6BB1-8934-4760-9FE8-E59A8FF2BC22}.Release|Any CPU.ActiveCfg = Release|Any CPU
		{18CB6BB1-8934-4760-9FE8-E59A8FF2BC22}.Release|Any CPU.Build.0 = Release|Any CPU
		{21B94CE3-8970-4CC0-82D6-64AE854CCC76}.Debug|Any CPU.ActiveCfg = Debug|Any CPU
		{21B94CE3-8970-4CC0-82D6-64AE854CCC76}.Debug|Any CPU.Build.0 = Debug|Any CPU
		{21B94CE3-8970-4CC0-82D6-64AE854CCC76}.Release|Any CPU.ActiveCfg = Release|Any CPU
		{21B94CE3-8970-4CC0-82D6-64AE854CCC76}.Release|Any CPU.Build.0 = Release|Any CPU
		{62F83230-B8B8-4463-B315-75E112336859}.Debug|Any CPU.ActiveCfg = Debug|Any CPU
		{62F83230-B8B8-4463-B315-75E112336859}.Debug|Any CPU.Build.0 = Debug|Any CPU
		{62F83230-B8B8-4463-B315-75E112336859}.Release|Any CPU.ActiveCfg = Release|Any CPU
		{62F83230-B8B8-4463-B315-75E112336859}.Release|Any CPU.Build.0 = Release|Any CPU
	EndGlobalSection
	GlobalSection(SolutionProperties) = preSolution
		HideSolutionNode = FALSE
	EndGlobalSection
EndGlobal
